{
  "name": "demo-app",
  "version": "1.0.0",
  "lockfileVersion": 3,
  "requires": true,
  "packages": {
    "": {
      "name": "demo-app",
      "version": "1.0.0",
      "license": "ISC",
      "dependencies": {
        "lab2": "file:../library"
      }
    },
    "../library": {
      "name": "lab2",
      "version": "1.0.0",
      "license": "ISC"
    },
    "node_modules/lab2": {
      "resolved": "../library",
      "link": true
    }
  }
}
